
Microsoft Visual Studio Solution File, Format Version 12.00
# Visual Studio 14
VisualStudioVersion = 14.0.25123.0
MinimumVisualStudioVersion = 10.0.40219.1
Project("{FAE04EC0-301F-11D3-BF4B-00C04F79EFBC}") = "ManifestModels", "ManifestModels\ManifestModels.csproj", "{665C0B24-5AE0-4EA7-A88B-7A51012F4F5B}"
EndProject
Project("{FAE04EC0-301F-11D3-BF4B-00C04F79EFBC}") = "ManifestDbContext", "ManifestDbContext\ManifestDbContext.csproj", "{4C46CD94-3552-4772-8493-B07FEBBEBF75}"
EndProject
Project("{FAE04EC0-301F-11D3-BF4B-00C04F79EFBC}") = "ManifestRepository", "ManifestRepository\ManifestRepository.csproj", "{30DC359A-226B-4826-BF57-FD0EC2E9E607}"
EndProject
Project("{FAE04EC0-301F-11D3-BF4B-00C04F79EFBC}") = "ManifestServices", "ManifestServices\ManifestServices.csproj", "{8D51B604-D264-464A-9393-D14AC950DCF1}"
EndProject
Project("{FAE04EC0-301F-11D3-BF4B-00C04F79EFBC}") = "ManifestServices.Tests", "ManifestServices.Tests\ManifestServices.Tests.csproj", "{85E6FEA1-E6C2-4994-9D39-C620F96EB2D7}"
EndProject
Global
	GlobalSection(SolutionConfigurationPlatforms) = preSolution
		Debug|Any CPU = Debug|Any CPU
		Release|Any CPU = Release|Any CPU
	EndGlobalSection
	GlobalSection(ProjectConfigurationPlatforms) = postSolution
		{665C0B24-5AE0-4EA7-A88B-7A51012F4F5B}.Debug|Any CPU.ActiveCfg = Debug|Any CPU
		{665C0B24-5AE0-4EA7-A88B-7A51012F4F5B}.Debug|Any CPU.Build.0 = Debug|Any CPU
		{665C0B24-5AE0-4EA7-A88B-7A51012F4F5B}.Release|Any CPU.ActiveCfg = Release|Any CPU
		{665C0B24-5AE0-4EA7-A88B-7A51012F4F5B}.Release|Any CPU.Build.0 = Release|Any CPU
		{4C46CD94-3552-4772-8493-B07FEBBEBF75}.Debug|Any CPU.ActiveCfg = Debug|Any CPU
		{4C46CD94-3552-4772-8493-B07FEBBEBF75}.Debug|Any CPU.Build.0 = Debug|Any CPU
		{4C46CD94-3552-4772-8493-B07FEBBEBF75}.Release|Any CPU.ActiveCfg = Release|Any CPU
		{4C46CD94-3552-4772-8493-B07FEBBEBF75}.Release|Any CPU.Build.0 = Release|Any CPU
		{30DC359A-226B-4826-BF57-FD0EC2E9E607}.Debug|Any CPU.ActiveCfg = Debug|Any CPU
		{30DC359A-226B-4826-BF57-FD0EC2E9E607}.Debug|Any CPU.Build.0 = Debug|Any CPU
		{30DC359A-226B-4826-BF57-FD0EC2E9E607}.Release|Any CPU.ActiveCfg = Release|Any CPU
		{30DC359A-226B-4826-BF57-FD0EC2E9E607}.Release|Any CPU.Build.0 = Release|Any CPU
		{8D51B604-D264-464A-9393-D14AC950DCF1}.Debug|Any CPU.ActiveCfg = Debug|Any CPU
		{8D51B604-D264-464A-9393-D14AC950DCF1}.Debug|Any CPU.Build.0 = Debug|Any CPU
		{8D51B604-D264-464A-9393-D14AC950DCF1}.Release|Any CPU.ActiveCfg = Release|Any CPU
		{8D51B604-D264-464A-9393-D14AC950DCF1}.Release|Any CPU.Build.0 = Release|Any CPU
		{85E6FEA1-E6C2-4994-9D39-C620F96EB2D7}.Debug|Any CPU.ActiveCfg = Debug|Any CPU
		{85E6FEA1-E6C2-4994-9D39-C620F96EB2D7}.Debug|Any CPU.Build.0 = Debug|Any CPU
		{85E6FEA1-E6C2-4994-9D39-C620F96EB2D7}.Release|Any CPU.ActiveCfg = Release|Any CPU
		{85E6FEA1-E6C2-4994-9D39-C620F96EB2D7}.Release|Any CPU.Build.0 = Release|Any CPU
	EndGlobalSection
	GlobalSection(SolutionProperties) = preSolution
		HideSolutionNode = FALSE
	EndGlobalSection
	GlobalSection(TeamFoundationVersionControl) = preSolution
		SccNumberOfProjects = 6
		SccEnterpriseProvider = {4CA58AB2-18FA-4F8D-95D4-32DDF27D184C}
		SccTeamFoundationServer = https://tfs-smuniyappa.visualstudio.com/
		SccLocalPath0 = .
		SccProjectUniqueName1 = ManifestModels\\ManifestModels.csproj
		SccProjectName1 = ManifestModels
		SccLocalPath1 = ManifestModels
		SccProjectUniqueName2 = ManifestDbContext\\ManifestDbContext.csproj
		SccProjectName2 = ManifestDbContext
		SccLocalPath2 = ManifestDbContext
		SccProjectUniqueName3 = ManifestRepository\\ManifestRepository.csproj
		SccProjectName3 = ManifestRepository
		SccLocalPath3 = ManifestRepository
		SccProjectUniqueName4 = ManifestServices\\ManifestServices.csproj
		SccProjectName4 = ManifestServices
		SccLocalPath4 = ManifestServices
		SccProjectUniqueName5 = ManifestServices.Tests\\ManifestServices.Tests.csproj
		SccProjectName5 = ManifestServices.Tests
		SccLocalPath5 = ManifestServices.Tests
	EndGlobalSection
EndGlobal
